- name: Install Nginx with content to a redHat-like system and debian-like system
  hosts: all
  become: true
  
  vars:
    source_file: "../website_content/index.html" 
    dest_file_debian: "/var/www/html" # Путь назначения для файла index.html на Debian-подобных системах
    dest_file_redhat: "/usr/share/nginx/html" # Путь назначения для файла index.html на RedHat-подобных системах

  tasks:
    - block: # Установка Nginx и копирование файла index.html на Debian-подобных системах
      - name: Update apt cache 
        apt: 
          update_cache: yes 
        
      - name: Install nginx on Debian-like systems 
        apt: 
          name: nginx 
          state: present

      - name: Copy custom index.html to Nginx web root on Debian-like systems
        copy: 
          src: "{{ source_file }}" 
          dest: "{{ dest_file_debian }}" 
          mode: '0644' 
      when: ansible_os_family == "Debian"

    - block:  # Установка Nginx и копирование файла index.html на RedHat-подобных системах
      - name: Install EPEL repository
        dnf: 
          name: epel-release 
          state: present 

      - name: Install nginx on RedHat-like systems # Установить пакет nginx на RedHat-подобных системах
        dnf: 
          name: nginx
          state: present

      - name: Copy custom index.html to Nginx web root on RedHat-like systems
        copy: 
          src: "{{ source_file }}" 
          dest: "{{ dest_file_redhat }}" 
          mode: '0644' 
      when: ansible_os_family == "RedHat" 

    - name: Ensure nginx is running and enabled 
      service: name=nginx state=started enabled=yes